// !$*UTF8*$!
{
	archiveVersion = 1;
	classes = {
	};
	objectVersion = 56;
	objects = {

/* Begin PBXBuildFile section */
		1BBED5E82AFAEE78003A193C /* DietaryRestrictions.swift in Sources */ = {isa = PBXBuildFile; fileRef = 1BBED5E72AFAEE78003A193C /* DietaryRestrictions.swift */; };
		850110262ACF43A60068A749 /* AppDelegate.swift in Sources */ = {isa = PBXBuildFile; fileRef = 850110252ACF43A60068A749 /* AppDelegate.swift */; };
		850110282ACF43A60068A749 /* SceneDelegate.swift in Sources */ = {isa = PBXBuildFile; fileRef = 850110272ACF43A60068A749 /* SceneDelegate.swift */; };
		8501102A2ACF43A60068A749 /* ViewController.swift in Sources */ = {isa = PBXBuildFile; fileRef = 850110292ACF43A60068A749 /* ViewController.swift */; };
		8501102D2ACF43A60068A749 /* Main.storyboard in Resources */ = {isa = PBXBuildFile; fileRef = 8501102B2ACF43A60068A749 /* Main.storyboard */; };
		8501102F2ACF43A70068A749 /* Assets.xcassets in Resources */ = {isa = PBXBuildFile; fileRef = 8501102E2ACF43A70068A749 /* Assets.xcassets */; };
		850110322ACF43A70068A749 /* LaunchScreen.storyboard in Resources */ = {isa = PBXBuildFile; fileRef = 850110302ACF43A70068A749 /* LaunchScreen.storyboard */; };
		8565D6052AF84D2A005AA9D7 /* RecipeTableViewCell.swift in Sources */ = {isa = PBXBuildFile; fileRef = 8565D6042AF84D2A005AA9D7 /* RecipeTableViewCell.swift */; };
		8567B5EE2AF9ACD300E59083 /* Poppins-Black.ttf in Resources */ = {isa = PBXBuildFile; fileRef = 8BF2F7292AF9866100796DE4 /* Poppins-Black.ttf */; };
		8567B5EF2AF9ACD300E59083 /* Poppins-BlackItalic.ttf in Resources */ = {isa = PBXBuildFile; fileRef = 8BF2F72E2AF9867200796DE4 /* Poppins-BlackItalic.ttf */; };
		8567B5F02AF9ACD300E59083 /* Poppins-Bold.ttf in Resources */ = {isa = PBXBuildFile; fileRef = 8BF2F7372AF9867300796DE4 /* Poppins-Bold.ttf */; };
		8567B5F12AF9ACD300E59083 /* Poppins-BoldItalic.ttf in Resources */ = {isa = PBXBuildFile; fileRef = 8BF2F72A2AF9867200796DE4 /* Poppins-BoldItalic.ttf */; };
		8567B5F22AF9ACD300E59083 /* Poppins-ExtraBold.ttf in Resources */ = {isa = PBXBuildFile; fileRef = 8BF2F72C2AF9867200796DE4 /* Poppins-ExtraBold.ttf */; };
		8567B5F32AF9ACD300E59083 /* Poppins-ExtraBoldItalic.ttf in Resources */ = {isa = PBXBuildFile; fileRef = 8BF2F7342AF9867300796DE4 /* Poppins-ExtraBoldItalic.ttf */; };
		8567B5F42AF9ACD300E59083 /* Poppins-ExtraLight.ttf in Resources */ = {isa = PBXBuildFile; fileRef = 8BF2F7352AF9867300796DE4 /* Poppins-ExtraLight.ttf */; };
		8567B5F52AF9ACD300E59083 /* Poppins-ExtraLightItalic.ttf in Resources */ = {isa = PBXBuildFile; fileRef = 8BF2F73A2AF9867300796DE4 /* Poppins-ExtraLightItalic.ttf */; };
		8567B5F62AF9ACD300E59083 /* Poppins-Italic.ttf in Resources */ = {isa = PBXBuildFile; fileRef = 8BF2F72F2AF9867200796DE4 /* Poppins-Italic.ttf */; };
		8567B5F72AF9ACD300E59083 /* Poppins-Light.ttf in Resources */ = {isa = PBXBuildFile; fileRef = 8BF2F7392AF9867300796DE4 /* Poppins-Light.ttf */; };
		8567B5F82AF9ACD300E59083 /* Poppins-LightItalic.ttf in Resources */ = {isa = PBXBuildFile; fileRef = 8BF2F7322AF9867300796DE4 /* Poppins-LightItalic.ttf */; };
		8567B5F92AF9ACD300E59083 /* Poppins-Medium.ttf in Resources */ = {isa = PBXBuildFile; fileRef = 8BF2F72D2AF9867200796DE4 /* Poppins-Medium.ttf */; };
		8567B5FA2AF9ACD300E59083 /* Poppins-MediumItalic.ttf in Resources */ = {isa = PBXBuildFile; fileRef = 8BF2F7362AF9867300796DE4 /* Poppins-MediumItalic.ttf */; };
		8567B5FB2AF9ACD300E59083 /* Poppins-Regular.ttf in Resources */ = {isa = PBXBuildFile; fileRef = 8BF2F72B2AF9867200796DE4 /* Poppins-Regular.ttf */; };
		8567B5FC2AF9ACD300E59083 /* Poppins-SemiBold.ttf in Resources */ = {isa = PBXBuildFile; fileRef = 8BF2F7302AF9867200796DE4 /* Poppins-SemiBold.ttf */; };
		8567B5FD2AF9ACD300E59083 /* Poppins-SemiBoldItalic.ttf in Resources */ = {isa = PBXBuildFile; fileRef = 8BF2F7382AF9867300796DE4 /* Poppins-SemiBoldItalic.ttf */; };
		8567B5FE2AF9ACD300E59083 /* Poppins-Thin.ttf in Resources */ = {isa = PBXBuildFile; fileRef = 8BF2F7332AF9867300796DE4 /* Poppins-Thin.ttf */; };
		8567B5FF2AF9ACD300E59083 /* Poppins-ThinItalic.ttf in Resources */ = {isa = PBXBuildFile; fileRef = 8BF2F7312AF9867300796DE4 /* Poppins-ThinItalic.ttf */; };
		857A89C52ADDFB64000B40DE /* SearchViewController.swift in Sources */ = {isa = PBXBuildFile; fileRef = 857A89C42ADDFB63000B40DE /* SearchViewController.swift */; };
		857A89C72ADDFB88000B40DE /* Recipe.swift in Sources */ = {isa = PBXBuildFile; fileRef = 857A89C62ADDFB88000B40DE /* Recipe.swift */; };
		857A89C92ADDFBA0000B40DE /* FullRecipe.swift in Sources */ = {isa = PBXBuildFile; fileRef = 857A89C82ADDFBA0000B40DE /* FullRecipe.swift */; };
		857A89CB2ADDFBC3000B40DE /* Recipes.swift in Sources */ = {isa = PBXBuildFile; fileRef = 857A89CA2ADDFBC3000B40DE /* Recipes.swift */; };
		857A89CD2ADDFC2E000B40DE /* RecipeResponse.swift in Sources */ = {isa = PBXBuildFile; fileRef = 857A89CC2ADDFC2D000B40DE /* RecipeResponse.swift */; };
		857A89CF2ADDFC3F000B40DE /* RecipeViewController.swift in Sources */ = {isa = PBXBuildFile; fileRef = 857A89CE2ADDFC3F000B40DE /* RecipeViewController.swift */; };
		8584E9172B01DA0F0005927B /* RecipeDataModel.xcdatamodeld in Sources */ = {isa = PBXBuildFile; fileRef = 8584E9152B01DA0F0005927B /* RecipeDataModel.xcdatamodeld */; };
		904527212AD59AD600EC3736 /* FirebaseAppCheck in Frameworks */ = {isa = PBXBuildFile; productRef = 904527202AD59AD600EC3736 /* FirebaseAppCheck */; };
		904527232AD59AD600EC3736 /* FirebaseAppDistribution-Beta in Frameworks */ = {isa = PBXBuildFile; productRef = 904527222AD59AD600EC3736 /* FirebaseAppDistribution-Beta */; };
		904527252AD59AD600EC3736 /* FirebaseAuth in Frameworks */ = {isa = PBXBuildFile; productRef = 904527242AD59AD600EC3736 /* FirebaseAuth */; };
		904527272AD59AD600EC3736 /* FirebaseAuthCombine-Community in Frameworks */ = {isa = PBXBuildFile; productRef = 904527262AD59AD600EC3736 /* FirebaseAuthCombine-Community */; };
		904527292AD59AD600EC3736 /* FirebaseDatabase in Frameworks */ = {isa = PBXBuildFile; productRef = 904527282AD59AD600EC3736 /* FirebaseDatabase */; };
		9045272B2AD59AD600EC3736 /* FirebaseDatabaseSwift in Frameworks */ = {isa = PBXBuildFile; productRef = 9045272A2AD59AD600EC3736 /* FirebaseDatabaseSwift */; };
		9045272D2AD59AD600EC3736 /* FirebaseDynamicLinks in Frameworks */ = {isa = PBXBuildFile; productRef = 9045272C2AD59AD600EC3736 /* FirebaseDynamicLinks */; };
		9045272F2AD59AD600EC3736 /* FirebaseFirestore in Frameworks */ = {isa = PBXBuildFile; productRef = 9045272E2AD59AD600EC3736 /* FirebaseFirestore */; };
		904527312AD59AD600EC3736 /* FirebaseFirestoreCombine-Community in Frameworks */ = {isa = PBXBuildFile; productRef = 904527302AD59AD600EC3736 /* FirebaseFirestoreCombine-Community */; };
		904527332AD59AD600EC3736 /* FirebaseFirestoreSwift in Frameworks */ = {isa = PBXBuildFile; productRef = 904527322AD59AD600EC3736 /* FirebaseFirestoreSwift */; };
		904527352AD59AD600EC3736 /* FirebaseFunctions in Frameworks */ = {isa = PBXBuildFile; productRef = 904527342AD59AD600EC3736 /* FirebaseFunctions */; };
		904527372AD59AD600EC3736 /* FirebaseFunctionsCombine-Community in Frameworks */ = {isa = PBXBuildFile; productRef = 904527362AD59AD600EC3736 /* FirebaseFunctionsCombine-Community */; };
		904527392AD59AD600EC3736 /* FirebaseStorage in Frameworks */ = {isa = PBXBuildFile; productRef = 904527382AD59AD600EC3736 /* FirebaseStorage */; };
		9045273B2AD59AD600EC3736 /* FirebaseStorageCombine-Community in Frameworks */ = {isa = PBXBuildFile; productRef = 9045273A2AD59AD600EC3736 /* FirebaseStorageCombine-Community */; };
		907A48E02AF866140006B9FF /* SettingsViewController.swift in Sources */ = {isa = PBXBuildFile; fileRef = 907A48DF2AF866140006B9FF /* SettingsViewController.swift */; };
		90DB7D9A2AD7AFB40038F36D /* GoogleService-Info.plist in Resources */ = {isa = PBXBuildFile; fileRef = 90DB7D992AD7AFB40038F36D /* GoogleService-Info.plist */; };
		90DB7D9C2AD7B0C10038F36D /* LoginViewController.swift in Sources */ = {isa = PBXBuildFile; fileRef = 90DB7D9B2AD7B0C10038F36D /* LoginViewController.swift */; };
		90DB7D9E2AD7B5F70038F36D /* SignupViewController.swift in Sources */ = {isa = PBXBuildFile; fileRef = 90DB7D9D2AD7B5F70038F36D /* SignupViewController.swift */; };
/* End PBXBuildFile section */

/* Begin PBXFileReference section */
		1B9C21F02AF76EED0024794E /* SettingsViewController.swift */ = {isa = PBXFileReference; lastKnownFileType = sourcecode.swift; path = SettingsViewController.swift; sourceTree = "<group>"; };
		1BBED5E72AFAEE78003A193C /* DietaryRestrictions.swift */ = {isa = PBXFileReference; lastKnownFileType = sourcecode.swift; path = DietaryRestrictions.swift; sourceTree = "<group>"; };
		850110222ACF43A60068A749 /* PassplateApp.app */ = {isa = PBXFileReference; explicitFileType = wrapper.application; includeInIndex = 0; path = PassplateApp.app; sourceTree = BUILT_PRODUCTS_DIR; };
		850110252ACF43A60068A749 /* AppDelegate.swift */ = {isa = PBXFileReference; lastKnownFileType = sourcecode.swift; path = AppDelegate.swift; sourceTree = "<group>"; };
		850110272ACF43A60068A749 /* SceneDelegate.swift */ = {isa = PBXFileReference; lastKnownFileType = sourcecode.swift; path = SceneDelegate.swift; sourceTree = "<group>"; };
		850110292ACF43A60068A749 /* ViewController.swift */ = {isa = PBXFileReference; lastKnownFileType = sourcecode.swift; path = ViewController.swift; sourceTree = "<group>"; };
		8501102C2ACF43A60068A749 /* Base */ = {isa = PBXFileReference; lastKnownFileType = file.storyboard; name = Base; path = Base.lproj/Main.storyboard; sourceTree = "<group>"; };
		8501102E2ACF43A70068A749 /* Assets.xcassets */ = {isa = PBXFileReference; lastKnownFileType = folder.assetcatalog; path = Assets.xcassets; sourceTree = "<group>"; };
		850110312ACF43A70068A749 /* Base */ = {isa = PBXFileReference; lastKnownFileType = file.storyboard; name = Base; path = Base.lproj/LaunchScreen.storyboard; sourceTree = "<group>"; };
		850110332ACF43A70068A749 /* Info.plist */ = {isa = PBXFileReference; lastKnownFileType = text.plist.xml; path = Info.plist; sourceTree = "<group>"; };
		8565D6042AF84D2A005AA9D7 /* RecipeTableViewCell.swift */ = {isa = PBXFileReference; lastKnownFileType = sourcecode.swift; path = RecipeTableViewCell.swift; sourceTree = "<group>"; };
		857A89C42ADDFB63000B40DE /* SearchViewController.swift */ = {isa = PBXFileReference; lastKnownFileType = sourcecode.swift; path = SearchViewController.swift; sourceTree = "<group>"; };
		857A89C62ADDFB88000B40DE /* Recipe.swift */ = {isa = PBXFileReference; lastKnownFileType = sourcecode.swift; path = Recipe.swift; sourceTree = "<group>"; };
		857A89C82ADDFBA0000B40DE /* FullRecipe.swift */ = {isa = PBXFileReference; lastKnownFileType = sourcecode.swift; path = FullRecipe.swift; sourceTree = "<group>"; };
		857A89CA2ADDFBC3000B40DE /* Recipes.swift */ = {isa = PBXFileReference; lastKnownFileType = sourcecode.swift; path = Recipes.swift; sourceTree = "<group>"; };
		857A89CC2ADDFC2D000B40DE /* RecipeResponse.swift */ = {isa = PBXFileReference; lastKnownFileType = sourcecode.swift; path = RecipeResponse.swift; sourceTree = "<group>"; };
		857A89CE2ADDFC3F000B40DE /* RecipeViewController.swift */ = {isa = PBXFileReference; lastKnownFileType = sourcecode.swift; path = RecipeViewController.swift; sourceTree = "<group>"; };
		8584E9162B01DA0F0005927B /* RecipeDataModel.xcdatamodel */ = {isa = PBXFileReference; lastKnownFileType = wrapper.xcdatamodel; path = RecipeDataModel.xcdatamodel; sourceTree = "<group>"; };
		8BF2F7292AF9866100796DE4 /* Poppins-Black.ttf */ = {isa = PBXFileReference; lastKnownFileType = file; path = "Poppins-Black.ttf"; sourceTree = "<group>"; };
		8BF2F72A2AF9867200796DE4 /* Poppins-BoldItalic.ttf */ = {isa = PBXFileReference; lastKnownFileType = file; path = "Poppins-BoldItalic.ttf"; sourceTree = "<group>"; };
		8BF2F72B2AF9867200796DE4 /* Poppins-Regular.ttf */ = {isa = PBXFileReference; lastKnownFileType = file; path = "Poppins-Regular.ttf"; sourceTree = "<group>"; };
		8BF2F72C2AF9867200796DE4 /* Poppins-ExtraBold.ttf */ = {isa = PBXFileReference; lastKnownFileType = file; path = "Poppins-ExtraBold.ttf"; sourceTree = "<group>"; };
		8BF2F72D2AF9867200796DE4 /* Poppins-Medium.ttf */ = {isa = PBXFileReference; lastKnownFileType = file; path = "Poppins-Medium.ttf"; sourceTree = "<group>"; };
		8BF2F72E2AF9867200796DE4 /* Poppins-BlackItalic.ttf */ = {isa = PBXFileReference; lastKnownFileType = file; path = "Poppins-BlackItalic.ttf"; sourceTree = "<group>"; };
		8BF2F72F2AF9867200796DE4 /* Poppins-Italic.ttf */ = {isa = PBXFileReference; lastKnownFileType = file; path = "Poppins-Italic.ttf"; sourceTree = "<group>"; };
		8BF2F7302AF9867200796DE4 /* Poppins-SemiBold.ttf */ = {isa = PBXFileReference; lastKnownFileType = file; path = "Poppins-SemiBold.ttf"; sourceTree = "<group>"; };
		8BF2F7312AF9867300796DE4 /* Poppins-ThinItalic.ttf */ = {isa = PBXFileReference; lastKnownFileType = file; path = "Poppins-ThinItalic.ttf"; sourceTree = "<group>"; };
		8BF2F7322AF9867300796DE4 /* Poppins-LightItalic.ttf */ = {isa = PBXFileReference; lastKnownFileType = file; path = "Poppins-LightItalic.ttf"; sourceTree = "<group>"; };
		8BF2F7332AF9867300796DE4 /* Poppins-Thin.ttf */ = {isa = PBXFileReference; lastKnownFileType = file; path = "Poppins-Thin.ttf"; sourceTree = "<group>"; };
		8BF2F7342AF9867300796DE4 /* Poppins-ExtraBoldItalic.ttf */ = {isa = PBXFileReference; lastKnownFileType = file; path = "Poppins-ExtraBoldItalic.ttf"; sourceTree = "<group>"; };
		8BF2F7352AF9867300796DE4 /* Poppins-ExtraLight.ttf */ = {isa = PBXFileReference; lastKnownFileType = file; path = "Poppins-ExtraLight.ttf"; sourceTree = "<group>"; };
		8BF2F7362AF9867300796DE4 /* Poppins-MediumItalic.ttf */ = {isa = PBXFileReference; lastKnownFileType = file; path = "Poppins-MediumItalic.ttf"; sourceTree = "<group>"; };
		8BF2F7372AF9867300796DE4 /* Poppins-Bold.ttf */ = {isa = PBXFileReference; lastKnownFileType = file; path = "Poppins-Bold.ttf"; sourceTree = "<group>"; };
		8BF2F7382AF9867300796DE4 /* Poppins-SemiBoldItalic.ttf */ = {isa = PBXFileReference; lastKnownFileType = file; path = "Poppins-SemiBoldItalic.ttf"; sourceTree = "<group>"; };
		8BF2F7392AF9867300796DE4 /* Poppins-Light.ttf */ = {isa = PBXFileReference; lastKnownFileType = file; path = "Poppins-Light.ttf"; sourceTree = "<group>"; };
		8BF2F73A2AF9867300796DE4 /* Poppins-ExtraLightItalic.ttf */ = {isa = PBXFileReference; lastKnownFileType = file; path = "Poppins-ExtraLightItalic.ttf"; sourceTree = "<group>"; };
		907A48DF2AF866140006B9FF /* SettingsViewController.swift */ = {isa = PBXFileReference; lastKnownFileType = sourcecode.swift; path = SettingsViewController.swift; sourceTree = "<group>"; };
		90DB7D982AD7A6470038F36D /* PassplateApp.entitlements */ = {isa = PBXFileReference; lastKnownFileType = text.plist.entitlements; path = PassplateApp.entitlements; sourceTree = "<group>"; };
		90DB7D992AD7AFB40038F36D /* GoogleService-Info.plist */ = {isa = PBXFileReference; fileEncoding = 4; lastKnownFileType = text.plist.xml; path = "GoogleService-Info.plist"; sourceTree = "<group>"; };
		90DB7D9B2AD7B0C10038F36D /* LoginViewController.swift */ = {isa = PBXFileReference; lastKnownFileType = sourcecode.swift; path = LoginViewController.swift; sourceTree = "<group>"; };
		90DB7D9D2AD7B5F70038F36D /* SignupViewController.swift */ = {isa = PBXFileReference; lastKnownFileType = sourcecode.swift; path = SignupViewController.swift; sourceTree = "<group>"; };
/* End PBXFileReference section */

/* Begin PBXFrameworksBuildPhase section */
		8501101F2ACF43A60068A749 /* Frameworks */ = {
			isa = PBXFrameworksBuildPhase;
			buildActionMask = 2147483647;
			files = (
				9045272B2AD59AD600EC3736 /* FirebaseDatabaseSwift in Frameworks */,
				904527292AD59AD600EC3736 /* FirebaseDatabase in Frameworks */,
				904527212AD59AD600EC3736 /* FirebaseAppCheck in Frameworks */,
				904527312AD59AD600EC3736 /* FirebaseFirestoreCombine-Community in Frameworks */,
				904527252AD59AD600EC3736 /* FirebaseAuth in Frameworks */,
				904527332AD59AD600EC3736 /* FirebaseFirestoreSwift in Frameworks */,
				904527232AD59AD600EC3736 /* FirebaseAppDistribution-Beta in Frameworks */,
				9045272F2AD59AD600EC3736 /* FirebaseFirestore in Frameworks */,
				9045273B2AD59AD600EC3736 /* FirebaseStorageCombine-Community in Frameworks */,
				904527392AD59AD600EC3736 /* FirebaseStorage in Frameworks */,
				9045272D2AD59AD600EC3736 /* FirebaseDynamicLinks in Frameworks */,
				904527352AD59AD600EC3736 /* FirebaseFunctions in Frameworks */,
				904527272AD59AD600EC3736 /* FirebaseAuthCombine-Community in Frameworks */,
				904527372AD59AD600EC3736 /* FirebaseFunctionsCombine-Community in Frameworks */,
			);
			runOnlyForDeploymentPostprocessing = 0;
		};
/* End PBXFrameworksBuildPhase section */

/* Begin PBXGroup section */
		850110192ACF43A60068A749 = {
			isa = PBXGroup;
			children = (
				850110242ACF43A60068A749 /* PassplateApp */,
				850110232ACF43A60068A749 /* Products */,
			);
			sourceTree = "<group>";
		};
		850110232ACF43A60068A749 /* Products */ = {
			isa = PBXGroup;
			children = (
				850110222ACF43A60068A749 /* PassplateApp.app */,
			);
			name = Products;
			sourceTree = "<group>";
		};
		850110242ACF43A60068A749 /* PassplateApp */ = {
			isa = PBXGroup;
			children = (
				8BF2F73D2AF986C600796DE4 /* fonts */,
				90DB7D982AD7A6470038F36D /* PassplateApp.entitlements */,
				850110252ACF43A60068A749 /* AppDelegate.swift */,
				850110272ACF43A60068A749 /* SceneDelegate.swift */,
				90DB7D9B2AD7B0C10038F36D /* LoginViewController.swift */,
				850110292ACF43A60068A749 /* ViewController.swift */,
				8501102B2ACF43A60068A749 /* Main.storyboard */,
				8565D6042AF84D2A005AA9D7 /* RecipeTableViewCell.swift */,
				857A89C42ADDFB63000B40DE /* SearchViewController.swift */,
				857A89CC2ADDFC2D000B40DE /* RecipeResponse.swift */,
				857A89CE2ADDFC3F000B40DE /* RecipeViewController.swift */,
				8584E9152B01DA0F0005927B /* RecipeDataModel.xcdatamodeld */,
				907A48DF2AF866140006B9FF /* SettingsViewController.swift */,
				857A89C62ADDFB88000B40DE /* Recipe.swift */,
				857A89C82ADDFBA0000B40DE /* FullRecipe.swift */,
				857A89CA2ADDFBC3000B40DE /* Recipes.swift */,
				90DB7D9D2AD7B5F70038F36D /* SignupViewController.swift */,
				1B9C21F02AF76EED0024794E /* SettingsViewController.swift */,
				8501102E2ACF43A70068A749 /* Assets.xcassets */,
				850110302ACF43A70068A749 /* LaunchScreen.storyboard */,
				90DB7D992AD7AFB40038F36D /* GoogleService-Info.plist */,
				850110332ACF43A70068A749 /* Info.plist */,
				1BBED5E72AFAEE78003A193C /* DietaryRestrictions.swift */,
			);
			path = PassplateApp;
			sourceTree = "<group>";
		};
		8BF2F73D2AF986C600796DE4 /* fonts */ = {
			isa = PBXGroup;
			children = (
				8BF2F7292AF9866100796DE4 /* Poppins-Black.ttf */,
				8BF2F72E2AF9867200796DE4 /* Poppins-BlackItalic.ttf */,
				8BF2F7372AF9867300796DE4 /* Poppins-Bold.ttf */,
				8BF2F72A2AF9867200796DE4 /* Poppins-BoldItalic.ttf */,
				8BF2F72C2AF9867200796DE4 /* Poppins-ExtraBold.ttf */,
				8BF2F7342AF9867300796DE4 /* Poppins-ExtraBoldItalic.ttf */,
				8BF2F7352AF9867300796DE4 /* Poppins-ExtraLight.ttf */,
				8BF2F73A2AF9867300796DE4 /* Poppins-ExtraLightItalic.ttf */,
				8BF2F72F2AF9867200796DE4 /* Poppins-Italic.ttf */,
				8BF2F7392AF9867300796DE4 /* Poppins-Light.ttf */,
				8BF2F7322AF9867300796DE4 /* Poppins-LightItalic.ttf */,
				8BF2F72D2AF9867200796DE4 /* Poppins-Medium.ttf */,
				8BF2F7362AF9867300796DE4 /* Poppins-MediumItalic.ttf */,
				8BF2F72B2AF9867200796DE4 /* Poppins-Regular.ttf */,
				8BF2F7302AF9867200796DE4 /* Poppins-SemiBold.ttf */,
				8BF2F7382AF9867300796DE4 /* Poppins-SemiBoldItalic.ttf */,
				8BF2F7332AF9867300796DE4 /* Poppins-Thin.ttf */,
				8BF2F7312AF9867300796DE4 /* Poppins-ThinItalic.ttf */,
			);
			path = fonts;
			sourceTree = "<group>";
		};
/* End PBXGroup section */

/* Begin PBXNativeTarget section */
		850110212ACF43A60068A749 /* PassplateApp */ = {
			isa = PBXNativeTarget;
			buildConfigurationList = 850110362ACF43A70068A749 /* Build configuration list for PBXNativeTarget "PassplateApp" */;
			buildPhases = (
				8501101E2ACF43A60068A749 /* Sources */,
				8501101F2ACF43A60068A749 /* Frameworks */,
				850110202ACF43A60068A749 /* Resources */,
			);
			buildRules = (
			);
			dependencies = (
			);
			name = PassplateApp;
			packageProductDependencies = (
				904527202AD59AD600EC3736 /* FirebaseAppCheck */,
				904527222AD59AD600EC3736 /* FirebaseAppDistribution-Beta */,
				904527242AD59AD600EC3736 /* FirebaseAuth */,
				904527262AD59AD600EC3736 /* FirebaseAuthCombine-Community */,
				904527282AD59AD600EC3736 /* FirebaseDatabase */,
				9045272A2AD59AD600EC3736 /* FirebaseDatabaseSwift */,
				9045272C2AD59AD600EC3736 /* FirebaseDynamicLinks */,
				9045272E2AD59AD600EC3736 /* FirebaseFirestore */,
				904527302AD59AD600EC3736 /* FirebaseFirestoreCombine-Community */,
				904527322AD59AD600EC3736 /* FirebaseFirestoreSwift */,
				904527342AD59AD600EC3736 /* FirebaseFunctions */,
				904527362AD59AD600EC3736 /* FirebaseFunctionsCombine-Community */,
				904527382AD59AD600EC3736 /* FirebaseStorage */,
				9045273A2AD59AD600EC3736 /* FirebaseStorageCombine-Community */,
			);
			productName = PassplateApp;
			productReference = 850110222ACF43A60068A749 /* PassplateApp.app */;
			productType = "com.apple.product-type.application";
		};
/* End PBXNativeTarget section */

/* Begin PBXProject section */
		8501101A2ACF43A60068A749 /* Project object */ = {
			isa = PBXProject;
			attributes = {
				BuildIndependentTargetsInParallel = 1;
				LastSwiftUpdateCheck = 1430;
				LastUpgradeCheck = 1430;
				TargetAttributes = {
					850110212ACF43A60068A749 = {
						CreatedOnToolsVersion = 14.3.1;
					};
				};
			};
			buildConfigurationList = 8501101D2ACF43A60068A749 /* Build configuration list for PBXProject "PassplateApp" */;
			compatibilityVersion = "Xcode 14.0";
			developmentRegion = en;
			hasScannedForEncodings = 0;
			knownRegions = (
				en,
				Base,
			);
			mainGroup = 850110192ACF43A60068A749;
			packageReferences = (
				9045271F2AD59AD600EC3736 /* XCRemoteSwiftPackageReference "firebase-ios-sdk" */,
			);
			productRefGroup = 850110232ACF43A60068A749 /* Products */;
			projectDirPath = "";
			projectRoot = "";
			targets = (
				850110212ACF43A60068A749 /* PassplateApp */,
			);
		};
/* End PBXProject section */

/* Begin PBXResourcesBuildPhase section */
		850110202ACF43A60068A749 /* Resources */ = {
			isa = PBXResourcesBuildPhase;
			buildActionMask = 2147483647;
			files = (
				8567B5EE2AF9ACD300E59083 /* Poppins-Black.ttf in Resources */,
				8567B5EF2AF9ACD300E59083 /* Poppins-BlackItalic.ttf in Resources */,
				8567B5F02AF9ACD300E59083 /* Poppins-Bold.ttf in Resources */,
				8567B5F12AF9ACD300E59083 /* Poppins-BoldItalic.ttf in Resources */,
				8567B5F22AF9ACD300E59083 /* Poppins-ExtraBold.ttf in Resources */,
				8567B5F32AF9ACD300E59083 /* Poppins-ExtraBoldItalic.ttf in Resources */,
				8567B5F42AF9ACD300E59083 /* Poppins-ExtraLight.ttf in Resources */,
				8567B5F52AF9ACD300E59083 /* Poppins-ExtraLightItalic.ttf in Resources */,
				8567B5F62AF9ACD300E59083 /* Poppins-Italic.ttf in Resources */,
				8567B5F72AF9ACD300E59083 /* Poppins-Light.ttf in Resources */,
				8567B5F82AF9ACD300E59083 /* Poppins-LightItalic.ttf in Resources */,
				8567B5F92AF9ACD300E59083 /* Poppins-Medium.ttf in Resources */,
				8567B5FA2AF9ACD300E59083 /* Poppins-MediumItalic.ttf in Resources */,
				8567B5FB2AF9ACD300E59083 /* Poppins-Regular.ttf in Resources */,
				8567B5FC2AF9ACD300E59083 /* Poppins-SemiBold.ttf in Resources */,
				8567B5FD2AF9ACD300E59083 /* Poppins-SemiBoldItalic.ttf in Resources */,
				8567B5FE2AF9ACD300E59083 /* Poppins-Thin.ttf in Resources */,
				8567B5FF2AF9ACD300E59083 /* Poppins-ThinItalic.ttf in Resources */,
				850110322ACF43A70068A749 /* LaunchScreen.storyboard in Resources */,
				90DB7D9A2AD7AFB40038F36D /* GoogleService-Info.plist in Resources */,
				8501102F2ACF43A70068A749 /* Assets.xcassets in Resources */,
				8501102D2ACF43A60068A749 /* Main.storyboard in Resources */,
			);
			runOnlyForDeploymentPostprocessing = 0;
		};
/* End PBXResourcesBuildPhase section */

/* Begin PBXSourcesBuildPhase section */
		8501101E2ACF43A60068A749 /* Sources */ = {
			isa = PBXSourcesBuildPhase;
			buildActionMask = 2147483647;
			files = (
				857A89C52ADDFB64000B40DE /* SearchViewController.swift in Sources */,
				1BBED5E82AFAEE78003A193C /* DietaryRestrictions.swift in Sources */,
				90DB7D9C2AD7B0C10038F36D /* LoginViewController.swift in Sources */,
				857A89C72ADDFB88000B40DE /* Recipe.swift in Sources */,
				8565D6052AF84D2A005AA9D7 /* RecipeTableViewCell.swift in Sources */,
				8501102A2ACF43A60068A749 /* ViewController.swift in Sources */,
				857A89CD2ADDFC2E000B40DE /* RecipeResponse.swift in Sources */,
				857A89CF2ADDFC3F000B40DE /* RecipeViewController.swift in Sources */,
				90DB7D9E2AD7B5F70038F36D /* SignupViewController.swift in Sources */,
				850110262ACF43A60068A749 /* AppDelegate.swift in Sources */,
				857A89C92ADDFBA0000B40DE /* FullRecipe.swift in Sources */,
				857A89CB2ADDFBC3000B40DE /* Recipes.swift in Sources */,
				8584E9172B01DA0F0005927B /* RecipeDataModel.xcdatamodeld in Sources */,
				850110282ACF43A60068A749 /* SceneDelegate.swift in Sources */,
				907A48E02AF866140006B9FF /* SettingsViewController.swift in Sources */,
			);
			runOnlyForDeploymentPostprocessing = 0;
		};
/* End PBXSourcesBuildPhase section */

/* Begin PBXVariantGroup section */
		8501102B2ACF43A60068A749 /* Main.storyboard */ = {
			isa = PBXVariantGroup;
			children = (
				8501102C2ACF43A60068A749 /* Base */,
			);
			name = Main.storyboard;
			sourceTree = "<group>";
		};
		850110302ACF43A70068A749 /* LaunchScreen.storyboard */ = {
			isa = PBXVariantGroup;
			children = (
				850110312ACF43A70068A749 /* Base */,
			);
			name = LaunchScreen.storyboard;
			sourceTree = "<group>";
		};
/* End PBXVariantGroup section */

/* Begin XCBuildConfiguration section */
		850110342ACF43A70068A749 /* Debug */ = {
			isa = XCBuildConfiguration;
			buildSettings = {
				ALWAYS_SEARCH_USER_PATHS = NO;
				CLANG_ANALYZER_NONNULL = YES;
				CLANG_ANALYZER_NUMBER_OBJECT_CONVERSION = YES_AGGRESSIVE;
				CLANG_CXX_LANGUAGE_STANDARD = "gnu++20";
				CLANG_ENABLE_MODULES = YES;
				CLANG_ENABLE_OBJC_ARC = YES;
				CLANG_ENABLE_OBJC_WEAK = YES;
				CLANG_WARN_BLOCK_CAPTURE_AUTORELEASING = YES;
				CLANG_WARN_BOOL_CONVERSION = YES;
				CLANG_WARN_COMMA = YES;
				CLANG_WARN_CONSTANT_CONVERSION = YES;
				CLANG_WARN_DEPRECATED_OBJC_IMPLEMENTATIONS = YES;
				CLANG_WARN_DIRECT_OBJC_ISA_USAGE = YES_ERROR;
				CLANG_WARN_DOCUMENTATION_COMMENTS = YES;
				CLANG_WARN_EMPTY_BODY = YES;
				CLANG_WARN_ENUM_CONVERSION = YES;
				CLANG_WARN_INFINITE_RECURSION = YES;
				CLANG_WARN_INT_CONVERSION = YES;
				CLANG_WARN_NON_LITERAL_NULL_CONVERSION = YES;
				CLANG_WARN_OBJC_IMPLICIT_RETAIN_SELF = YES;
				CLANG_WARN_OBJC_LITERAL_CONVERSION = YES;
				CLANG_WARN_OBJC_ROOT_CLASS = YES_ERROR;
				CLANG_WARN_QUOTED_INCLUDE_IN_FRAMEWORK_HEADER = YES;
				CLANG_WARN_RANGE_LOOP_ANALYSIS = YES;
				CLANG_WARN_STRICT_PROTOTYPES = YES;
				CLANG_WARN_SUSPICIOUS_MOVE = YES;
				CLANG_WARN_UNGUARDED_AVAILABILITY = YES_AGGRESSIVE;
				CLANG_WARN_UNREACHABLE_CODE = YES;
				CLANG_WARN__DUPLICATE_METHOD_MATCH = YES;
				COPY_PHASE_STRIP = NO;
				DEBUG_INFORMATION_FORMAT = dwarf;
				ENABLE_STRICT_OBJC_MSGSEND = YES;
				ENABLE_TESTABILITY = YES;
				GCC_C_LANGUAGE_STANDARD = gnu11;
				GCC_DYNAMIC_NO_PIC = NO;
				GCC_NO_COMMON_BLOCKS = YES;
				GCC_OPTIMIZATION_LEVEL = 0;
				GCC_PREPROCESSOR_DEFINITIONS = (
					"DEBUG=1",
					"$(inherited)",
				);
				GCC_WARN_64_TO_32_BIT_CONVERSION = YES;
				GCC_WARN_ABOUT_RETURN_TYPE = YES_ERROR;
				GCC_WARN_UNDECLARED_SELECTOR = YES;
				GCC_WARN_UNINITIALIZED_AUTOS = YES_AGGRESSIVE;
				GCC_WARN_UNUSED_FUNCTION = YES;
				GCC_WARN_UNUSED_VARIABLE = YES;
				IPHONEOS_DEPLOYMENT_TARGET = 16.4;
				MTL_ENABLE_DEBUG_INFO = INCLUDE_SOURCE;
				MTL_FAST_MATH = YES;
				ONLY_ACTIVE_ARCH = YES;
				SDKROOT = iphoneos;
				SWIFT_ACTIVE_COMPILATION_CONDITIONS = DEBUG;
				SWIFT_OPTIMIZATION_LEVEL = "-Onone";
			};
			name = Debug;
		};
		850110352ACF43A70068A749 /* Release */ = {
			isa = XCBuildConfiguration;
			buildSettings = {
				ALWAYS_SEARCH_USER_PATHS = NO;
				CLANG_ANALYZER_NONNULL = YES;
				CLANG_ANALYZER_NUMBER_OBJECT_CONVERSION = YES_AGGRESSIVE;
				CLANG_CXX_LANGUAGE_STANDARD = "gnu++20";
				CLANG_ENABLE_MODULES = YES;
				CLANG_ENABLE_OBJC_ARC = YES;
				CLANG_ENABLE_OBJC_WEAK = YES;
				CLANG_WARN_BLOCK_CAPTURE_AUTORELEASING = YES;
				CLANG_WARN_BOOL_CONVERSION = YES;
				CLANG_WARN_COMMA = YES;
				CLANG_WARN_CONSTANT_CONVERSION = YES;
				CLANG_WARN_DEPRECATED_OBJC_IMPLEMENTATIONS = YES;
				CLANG_WARN_DIRECT_OBJC_ISA_USAGE = YES_ERROR;
				CLANG_WARN_DOCUMENTATION_COMMENTS = YES;
				CLANG_WARN_EMPTY_BODY = YES;
				CLANG_WARN_ENUM_CONVERSION = YES;
				CLANG_WARN_INFINITE_RECURSION = YES;
				CLANG_WARN_INT_CONVERSION = YES;
				CLANG_WARN_NON_LITERAL_NULL_CONVERSION = YES;
				CLANG_WARN_OBJC_IMPLICIT_RETAIN_SELF = YES;
				CLANG_WARN_OBJC_LITERAL_CONVERSION = YES;
				CLANG_WARN_OBJC_ROOT_CLASS = YES_ERROR;
				CLANG_WARN_QUOTED_INCLUDE_IN_FRAMEWORK_HEADER = YES;
				CLANG_WARN_RANGE_LOOP_ANALYSIS = YES;
				CLANG_WARN_STRICT_PROTOTYPES = YES;
				CLANG_WARN_SUSPICIOUS_MOVE = YES;
				CLANG_WARN_UNGUARDED_AVAILABILITY = YES_AGGRESSIVE;
				CLANG_WARN_UNREACHABLE_CODE = YES;
				CLANG_WARN__DUPLICATE_METHOD_MATCH = YES;
				COPY_PHASE_STRIP = NO;
				DEBUG_INFORMATION_FORMAT = "dwarf-with-dsym";
				ENABLE_NS_ASSERTIONS = NO;
				ENABLE_STRICT_OBJC_MSGSEND = YES;
				GCC_C_LANGUAGE_STANDARD = gnu11;
				GCC_NO_COMMON_BLOCKS = YES;
				GCC_WARN_64_TO_32_BIT_CONVERSION = YES;
				GCC_WARN_ABOUT_RETURN_TYPE = YES_ERROR;
				GCC_WARN_UNDECLARED_SELECTOR = YES;
				GCC_WARN_UNINITIALIZED_AUTOS = YES_AGGRESSIVE;
				GCC_WARN_UNUSED_FUNCTION = YES;
				GCC_WARN_UNUSED_VARIABLE = YES;
				IPHONEOS_DEPLOYMENT_TARGET = 16.4;
				MTL_ENABLE_DEBUG_INFO = NO;
				MTL_FAST_MATH = YES;
				SDKROOT = iphoneos;
				SWIFT_COMPILATION_MODE = wholemodule;
				SWIFT_OPTIMIZATION_LEVEL = "-O";
				VALIDATE_PRODUCT = YES;
			};
			name = Release;
		};
		850110372ACF43A70068A749 /* Debug */ = {
			isa = XCBuildConfiguration;
			buildSettings = {
				ASSETCATALOG_COMPILER_APPICON_NAME = AppIcon;
				ASSETCATALOG_COMPILER_GLOBAL_ACCENT_COLOR_NAME = AccentColor;
				CODE_SIGN_ENTITLEMENTS = PassplateApp/PassplateApp.entitlements;
				CODE_SIGN_STYLE = Automatic;
				CURRENT_PROJECT_VERSION = 1;
				GENERATE_INFOPLIST_FILE = YES;
				INFOPLIST_FILE = PassplateApp/Info.plist;
				INFOPLIST_KEY_UIApplicationSupportsIndirectInputEvents = YES;
				INFOPLIST_KEY_UILaunchStoryboardName = LaunchScreen;
				INFOPLIST_KEY_UIMainStoryboardFile = Main;
				INFOPLIST_KEY_UISupportedInterfaceOrientations_iPad = "UIInterfaceOrientationPortrait UIInterfaceOrientationPortraitUpsideDown UIInterfaceOrientationLandscapeLeft UIInterfaceOrientationLandscapeRight";
				INFOPLIST_KEY_UISupportedInterfaceOrientations_iPhone = "UIInterfaceOrientationPortrait UIInterfaceOrientationLandscapeLeft UIInterfaceOrientationLandscapeRight";
				LD_RUNPATH_SEARCH_PATHS = (
					"$(inherited)",
					"@executable_path/Frameworks",
				);
				MARKETING_VERSION = 1.0;
				PRODUCT_BUNDLE_IDENTIFIER = Passplate.PassplateApp;
				PRODUCT_NAME = "$(TARGET_NAME)";
				SWIFT_EMIT_LOC_STRINGS = YES;
				SWIFT_VERSION = 5.0;
				TARGETED_DEVICE_FAMILY = "1,2";
			};
			name = Debug;
		};
		850110382ACF43A70068A749 /* Release */ = {
			isa = XCBuildConfiguration;
			buildSettings = {
				ASSETCATALOG_COMPILER_APPICON_NAME = AppIcon;
				ASSETCATALOG_COMPILER_GLOBAL_ACCENT_COLOR_NAME = AccentColor;
				CODE_SIGN_ENTITLEMENTS = PassplateApp/PassplateApp.entitlements;
				CODE_SIGN_STYLE = Automatic;
				CURRENT_PROJECT_VERSION = 1;
				GENERATE_INFOPLIST_FILE = YES;
				INFOPLIST_FILE = PassplateApp/Info.plist;
				INFOPLIST_KEY_UIApplicationSupportsIndirectInputEvents = YES;
				INFOPLIST_KEY_UILaunchStoryboardName = LaunchScreen;
				INFOPLIST_KEY_UIMainStoryboardFile = Main;
				INFOPLIST_KEY_UISupportedInterfaceOrientations_iPad = "UIInterfaceOrientationPortrait UIInterfaceOrientationPortraitUpsideDown UIInterfaceOrientationLandscapeLeft UIInterfaceOrientationLandscapeRight";
				INFOPLIST_KEY_UISupportedInterfaceOrientations_iPhone = "UIInterfaceOrientationPortrait UIInterfaceOrientationLandscapeLeft UIInterfaceOrientationLandscapeRight";
				LD_RUNPATH_SEARCH_PATHS = (
					"$(inherited)",
					"@executable_path/Frameworks",
				);
				MARKETING_VERSION = 1.0;
				PRODUCT_BUNDLE_IDENTIFIER = Passplate.PassplateApp;
				PRODUCT_NAME = "$(TARGET_NAME)";
				SWIFT_EMIT_LOC_STRINGS = YES;
				SWIFT_VERSION = 5.0;
				TARGETED_DEVICE_FAMILY = "1,2";
			};
			name = Release;
		};
/* End XCBuildConfiguration section */

/* Begin XCConfigurationList section */
		8501101D2ACF43A60068A749 /* Build configuration list for PBXProject "PassplateApp" */ = {
			isa = XCConfigurationList;
			buildConfigurations = (
				850110342ACF43A70068A749 /* Debug */,
				850110352ACF43A70068A749 /* Release */,
			);
			defaultConfigurationIsVisible = 0;
			defaultConfigurationName = Release;
		};
		850110362ACF43A70068A749 /* Build configuration list for PBXNativeTarget "PassplateApp" */ = {
			isa = XCConfigurationList;
			buildConfigurations = (
				850110372ACF43A70068A749 /* Debug */,
				850110382ACF43A70068A749 /* Release */,
			);
			defaultConfigurationIsVisible = 0;
			defaultConfigurationName = Release;
		};
/* End XCConfigurationList section */

/* Begin XCRemoteSwiftPackageReference section */
		9045271F2AD59AD600EC3736 /* XCRemoteSwiftPackageReference "firebase-ios-sdk" */ = {
			isa = XCRemoteSwiftPackageReference;
			repositoryURL = "https://github.com/firebase/firebase-ios-sdk";
			requirement = {
				kind = upToNextMajorVersion;
				minimumVersion = 10.0.0;
			};
		};
/* End XCRemoteSwiftPackageReference section */

/* Begin XCSwiftPackageProductDependency section */
		904527202AD59AD600EC3736 /* FirebaseAppCheck */ = {
			isa = XCSwiftPackageProductDependency;
			package = 9045271F2AD59AD600EC3736 /* XCRemoteSwiftPackageReference "firebase-ios-sdk" */;
			productName = FirebaseAppCheck;
		};
		904527222AD59AD600EC3736 /* FirebaseAppDistribution-Beta */ = {
			isa = XCSwiftPackageProductDependency;
			package = 9045271F2AD59AD600EC3736 /* XCRemoteSwiftPackageReference "firebase-ios-sdk" */;
			productName = "FirebaseAppDistribution-Beta";
		};
		904527242AD59AD600EC3736 /* FirebaseAuth */ = {
			isa = XCSwiftPackageProductDependency;
			package = 9045271F2AD59AD600EC3736 /* XCRemoteSwiftPackageReference "firebase-ios-sdk" */;
			productName = FirebaseAuth;
		};
		904527262AD59AD600EC3736 /* FirebaseAuthCombine-Community */ = {
			isa = XCSwiftPackageProductDependency;
			package = 9045271F2AD59AD600EC3736 /* XCRemoteSwiftPackageReference "firebase-ios-sdk" */;
			productName = "FirebaseAuthCombine-Community";
		};
		904527282AD59AD600EC3736 /* FirebaseDatabase */ = {
			isa = XCSwiftPackageProductDependency;
			package = 9045271F2AD59AD600EC3736 /* XCRemoteSwiftPackageReference "firebase-ios-sdk" */;
			productName = FirebaseDatabase;
		};
		9045272A2AD59AD600EC3736 /* FirebaseDatabaseSwift */ = {
			isa = XCSwiftPackageProductDependency;
			package = 9045271F2AD59AD600EC3736 /* XCRemoteSwiftPackageReference "firebase-ios-sdk" */;
			productName = FirebaseDatabaseSwift;
		};
		9045272C2AD59AD600EC3736 /* FirebaseDynamicLinks */ = {
			isa = XCSwiftPackageProductDependency;
			package = 9045271F2AD59AD600EC3736 /* XCRemoteSwiftPackageReference "firebase-ios-sdk" */;
			productName = FirebaseDynamicLinks;
		};
		9045272E2AD59AD600EC3736 /* FirebaseFirestore */ = {
			isa = XCSwiftPackageProductDependency;
			package = 9045271F2AD59AD600EC3736 /* XCRemoteSwiftPackageReference "firebase-ios-sdk" */;
			productName = FirebaseFirestore;
		};
		904527302AD59AD600EC3736 /* FirebaseFirestoreCombine-Community */ = {
			isa = XCSwiftPackageProductDependency;
			package = 9045271F2AD59AD600EC3736 /* XCRemoteSwiftPackageReference "firebase-ios-sdk" */;
			productName = "FirebaseFirestoreCombine-Community";
		};
		904527322AD59AD600EC3736 /* FirebaseFirestoreSwift */ = {
			isa = XCSwiftPackageProductDependency;
			package = 9045271F2AD59AD600EC3736 /* XCRemoteSwiftPackageReference "firebase-ios-sdk" */;
			productName = FirebaseFirestoreSwift;
		};
		904527342AD59AD600EC3736 /* FirebaseFunctions */ = {
			isa = XCSwiftPackageProductDependency;
			package = 9045271F2AD59AD600EC3736 /* XCRemoteSwiftPackageReference "firebase-ios-sdk" */;
			productName = FirebaseFunctions;
		};
		904527362AD59AD600EC3736 /* FirebaseFunctionsCombine-Community */ = {
			isa = XCSwiftPackageProductDependency;
			package = 9045271F2AD59AD600EC3736 /* XCRemoteSwiftPackageReference "firebase-ios-sdk" */;
			productName = "FirebaseFunctionsCombine-Community";
		};
		904527382AD59AD600EC3736 /* FirebaseStorage */ = {
			isa = XCSwiftPackageProductDependency;
			package = 9045271F2AD59AD600EC3736 /* XCRemoteSwiftPackageReference "firebase-ios-sdk" */;
			productName = FirebaseStorage;
		};
		9045273A2AD59AD600EC3736 /* FirebaseStorageCombine-Community */ = {
			isa = XCSwiftPackageProductDependency;
			package = 9045271F2AD59AD600EC3736 /* XCRemoteSwiftPackageReference "firebase-ios-sdk" */;
			productName = "FirebaseStorageCombine-Community";
		};
/* End XCSwiftPackageProductDependency section */

/* Begin XCVersionGroup section */
		8584E9152B01DA0F0005927B /* RecipeDataModel.xcdatamodeld */ = {
			isa = XCVersionGroup;
			children = (
				8584E9162B01DA0F0005927B /* RecipeDataModel.xcdatamodel */,
			);
			currentVersion = 8584E9162B01DA0F0005927B /* RecipeDataModel.xcdatamodel */;
			path = RecipeDataModel.xcdatamodeld;
			sourceTree = "<group>";
			versionGroupType = wrapper.xcdatamodel;
		};
/* End XCVersionGroup section */
	};
	rootObject = 8501101A2ACF43A60068A749 /* Project object */;
}
